github.com/golang/geo v0.0.0-20230421003525-6adc56603217 h1:HKlyj6in2JV6wVkmQ4XmG/EIm+SCYlPZ+V4GWit7Z+I=
github.com/golang/geo v0.0.0-20230421003525-6adc56603217/go.mod h1:8wI0hitZ3a1IxZfeH3/5I97CI8i5cLGsYe7xNhQGs9U=
github.com/sams96/rgeo v1.3.0 h1:IkXcEPP5fRU8t0tRj5FBqqPnd2XDoxROwY3EKQlLEvQ=
github.com/sams96/rgeo v1.3.0/go.mod h1:iSKFW5MpJ1Ow02Jzcm5UYUg/jrrSZp7mzRrWis0K9Qg=
github.com/twpayne/go-geom v1.6.0 h1:WPOJLCdd8OdcnHvKQepLKwOZrn5BzVlNxtQB59IDHRE=
github.com/twpayne/go-geom v1.6.0/go.mod h1:Kr+Nly6BswFsKM5sd31YaoWS5PeDDH2NftJTK7Gd028=
golang.org/x/sys v0.44.0 h1:ildZl3J4uzeKP07r2F++Op7E9B29JRUy+a27EibtBTQ=
golang.org/x/sys v0.44.0/go.mod h1:4GL1E5IUh+htKOUEOaiffhrAeqysfVGipDYzABqnCmw=
golang.org/x/term v0.43.0 h1:S4RLU2sB31O/NCl+zFN9Aru9A/Cq2aqKpTZJ6B+DwT4=
golang.org/x/term v0.43.0/go.mod h1:lrhlHNdQJHO+1qVYiHfFKVuVioJIheAc3fBSMFYEIsk=
